
Microsoft Visual Studio Solution File, Format Version 12.00
# Visual Studio Version 16
VisualStudioVersion = 16.0.30114.105
MinimumVisualStudioVersion = 10.0.40219.1
Project("{FAE04EC0-301F-11D3-BF4B-00C04F79EFBC}") = "Week1", "Week1\Week1.csproj", "{0B61B81E-CF2E-46A7-8FCD-7D725DFA43D5}"
EndProject
Project("{FAE04EC0-301F-11D3-BF4B-00C04F79EFBC}") = "Week1.Tests", "Week1.Tests\Week1.Tests.csproj", "{F7095E04-95F8-44C0-AA8B-332F2BCA41C5}"
EndProject
Global
	GlobalSection(SolutionConfigurationPlatforms) = preSolution
		Debug|Any CPU = Debug|Any CPU
		Debug|x64 = Debug|x64
		Debug|x86 = Debug|x86
		Release|Any CPU = Release|Any CPU
		Release|x64 = Release|x64
		Release|x86 = Release|x86
	EndGlobalSection
	GlobalSection(SolutionProperties) = preSolution
		HideSolutionNode = FALSE
	EndGlobalSection
	GlobalSection(ProjectConfigurationPlatforms) = postSolution
		{0B61B81E-CF2E-46A7-8FCD-7D725DFA43D5}.Debug|Any CPU.ActiveCfg = Debug|Any CPU
		{0B61B81E-CF2E-46A7-8FCD-7D725DFA43D5}.Debug|Any CPU.Build.0 = Debug|Any CPU
		{0B61B81E-CF2E-46A7-8FCD-7D725DFA43D5}.Debug|x64.ActiveCfg = Debug|Any CPU
		{0B61B81E-CF2E-46A7-8FCD-7D725DFA43D5}.Debug|x64.Build.0 = Debug|Any CPU
		{0B61B81E-CF2E-46A7-8FCD-7D725DFA43D5}.Debug|x86.ActiveCfg = Debug|Any CPU
		{0B61B81E-CF2E-46A7-8FCD-7D725DFA43D5}.Debug|x86.Build.0 = Debug|Any CPU
		{0B61B81E-CF2E-46A7-8FCD-7D725DFA43D5}.Release|Any CPU.ActiveCfg = Release|Any CPU
		{0B61B81E-CF2E-46A7-8FCD-7D725DFA43D5}.Release|Any CPU.Build.0 = Release|Any CPU
		{0B61B81E-CF2E-46A7-8FCD-7D725DFA43D5}.Release|x64.ActiveCfg = Release|Any CPU
		{0B61B81E-CF2E-46A7-8FCD-7D725DFA43D5}.Release|x64.Build.0 = Release|Any CPU
		{0B61B81E-CF2E-46A7-8FCD-7D725DFA43D5}.Release|x86.ActiveCfg = Release|Any CPU
		{0B61B81E-CF2E-46A7-8FCD-7D725DFA43D5}.Release|x86.Build.0 = Release|Any CPU
		{F7095E04-95F8-44C0-AA8B-332F2BCA41C5}.Debug|Any CPU.ActiveCfg = Debug|Any CPU
		{F7095E04-95F8-44C0-AA8B-332F2BCA41C5}.Debug|Any CPU.Build.0 = Debug|Any CPU
		{F7095E04-95F8-44C0-AA8B-332F2BCA41C5}.Debug|x64.ActiveCfg = Debug|Any CPU
		{F7095E04-95F8-44C0-AA8B-332F2BCA41C5}.Debug|x64.Build.0 = Debug|Any CPU
		{F7095E04-95F8-44C0-AA8B-332F2BCA41C5}.Debug|x86.ActiveCfg = Debug|Any CPU
		{F7095E04-95F8-44C0-AA8B-332F2BCA41C5}.Debug|x86.Build.0 = Debug|Any CPU
		{F7095E04-95F8-44C0-AA8B-332F2BCA41C5}.Release|Any CPU.ActiveCfg = Release|Any CPU
		{F7095E04-95F8-44C0-AA8B-332F2BCA41C5}.Release|Any CPU.Build.0 = Release|Any CPU
		{F7095E04-95F8-44C0-AA8B-332F2BCA41C5}.Release|x64.ActiveCfg = Release|Any CPU
		{F7095E04-95F8-44C0-AA8B-332F2BCA41C5}.Release|x64.Build.0 = Release|Any CPU
		{F7095E04-95F8-44C0-AA8B-332F2BCA41C5}.Release|x86.ActiveCfg = Release|Any CPU
		{F7095E04-95F8-44C0-AA8B-332F2BCA41C5}.Release|x86.Build.0 = Release|Any CPU
	EndGlobalSection
EndGlobal
